
Microsoft Visual Studio Solution File, Format Version 12.00
# Visual Studio 14
VisualStudioVersion = 14.0.25420.1
MinimumVisualStudioVersion = 10.0.40219.1
Project("{FAE04EC0-301F-11D3-BF4B-00C04F79EFBC}") = "Snake", "Snake\Snake.csproj", "{3CB48B4A-F66B-43C3-92B9-A6F4521B492F}"
EndProject
Global
	GlobalSection(SolutionConfigurationPlatforms) = preSolution
		Debug|Any CPU = Debug|Any CPU
		Release|Any CPU = Release|Any CPU
	EndGlobalSection
	GlobalSection(ProjectConfigurationPlatforms) = postSolution
		{3CB48B4A-F66B-43C3-92B9-A6F4521B492F}.Debug|Any CPU.ActiveCfg = Debug|Any CPU
		{3CB48B4A-F66B-43C3-92B9-A6F4521B492F}.Debug|Any CPU.Build.0 = Debug|Any CPU
		{3CB48B4A-F66B-43C3-92B9-A6F4521B492F}.Release|Any CPU.ActiveCfg = Release|Any CPU
		{3CB48B4A-F66B-43C3-92B9-A6F4521B492F}.Release|Any CPU.Build.0 = Release|Any CPU
	EndGlobalSection
	GlobalSection(SolutionProperties) = preSolution
		HideSolutionNode = FALSE
	EndGlobalSection
EndGlobal
